
Microsoft Visual Studio Solution File, Format Version 12.00
# Visual Studio Version 16
VisualStudioVersion = 16.0.36631.11
MinimumVisualStudioVersion = 10.0.40219.1
Project("{FAE04EC0-301F-11D3-BF4B-00C04F79EFBC}") = "App1", "App1.csproj", "{42E3EA01-4D53-447A-8810-F0F8CCCE144E}"
EndProject
Global
	GlobalSection(SolutionConfigurationPlatforms) = preSolution
		Debug|ARM = Debug|ARM
		Debug|ARM64 = Debug|ARM64
		Debug|x64 = Debug|x64
		Debug|x86 = Debug|x86
		Release|ARM = Release|ARM
		Release|ARM64 = Release|ARM64
		Release|x64 = Release|x64
		Release|x86 = Release|x86
	EndGlobalSection
	GlobalSection(ProjectConfigurationPlatforms) = postSolution
		{42E3EA01-4D53-447A-8810-F0F8CCCE144E}.Debug|ARM.ActiveCfg = Debug|ARM
		{42E3EA01-4D53-447A-8810-F0F8CCCE144E}.Debug|ARM.Build.0 = Debug|ARM
		{42E3EA01-4D53-447A-8810-F0F8CCCE144E}.Debug|ARM.Deploy.0 = Debug|ARM
		{42E3EA01-4D53-447A-8810-F0F8CCCE144E}.Debug|ARM64.ActiveCfg = Debug|ARM64
		{42E3EA01-4D53-447A-8810-F0F8CCCE144E}.Debug|ARM64.Build.0 = Debug|ARM64
		{42E3EA01-4D53-447A-8810-F0F8CCCE144E}.Debug|ARM64.Deploy.0 = Debug|ARM64
		{42E3EA01-4D53-447A-8810-F0F8CCCE144E}.Debug|x64.ActiveCfg = Debug|x64
		{42E3EA01-4D53-447A-8810-F0F8CCCE144E}.Debug|x64.Build.0 = Debug|x64
		{42E3EA01-4D53-447A-8810-F0F8CCCE144E}.Debug|x64.Deploy.0 = Debug|x64
		{42E3EA01-4D53-447A-8810-F0F8CCCE144E}.Debug|x86.ActiveCfg = Debug|x86
		{42E3EA01-4D53-447A-8810-F0F8CCCE144E}.Debug|x86.Build.0 = Debug|x86
		{42E3EA01-4D53-447A-8810-F0F8CCCE144E}.Debug|x86.Deploy.0 = Debug|x86
		{42E3EA01-4D53-447A-8810-F0F8CCCE144E}.Release|ARM.ActiveCfg = Release|ARM
		{42E3EA01-4D53-447A-8810-F0F8CCCE144E}.Release|ARM.Build.0 = Release|ARM
		{42E3EA01-4D53-447A-8810-F0F8CCCE144E}.Release|ARM.Deploy.0 = Release|ARM
		{42E3EA01-4D53-447A-8810-F0F8CCCE144E}.Release|ARM64.ActiveCfg = Release|ARM64
		{42E3EA01-4D53-447A-8810-F0F8CCCE144E}.Release|ARM64.Build.0 = Release|ARM64
		{42E3EA01-4D53-447A-8810-F0F8CCCE144E}.Release|ARM64.Deploy.0 = Release|ARM64
		{42E3EA01-4D53-447A-8810-F0F8CCCE144E}.Release|x64.ActiveCfg = Release|x64
		{42E3EA01-4D53-447A-8810-F0F8CCCE144E}.Release|x64.Build.0 = Release|x64
		{42E3EA01-4D53-447A-8810-F0F8CCCE144E}.Release|x64.Deploy.0 = Release|x64
		{42E3EA01-4D53-447A-8810-F0F8CCCE144E}.Release|x86.ActiveCfg = Release|x86
		{42E3EA01-4D53-447A-8810-F0F8CCCE144E}.Release|x86.Build.0 = Release|x86
		{42E3EA01-4D53-447A-8810-F0F8CCCE144E}.Release|x86.Deploy.0 = Release|x86
	EndGlobalSection
	GlobalSection(SolutionProperties) = preSolution
		HideSolutionNode = FALSE
	EndGlobalSection
	GlobalSection(ExtensibilityGlobals) = postSolution
		SolutionGuid = {DFBCAB97-24F1-4556-8FF1-C41657681D4B}
	EndGlobalSection
EndGlobal
